// !$*UTF8*$!
{
	archiveVersion = 1;
	classes = {
	};
	objectVersion = 55;
	objects = {

/* Begin PBXBuildFile section */
		14421FCF272B7D6C0098F334 /* DetailViewController.swift in Sources */ = {isa = PBXBuildFile; fileRef = 14421FCE272B7D6C0098F334 /* DetailViewController.swift */; };
		14421FD2272CBF180098F334 /* HomeViewController.swift in Sources */ = {isa = PBXBuildFile; fileRef = 14421FD0272CBF180098F334 /* HomeViewController.swift */; };
		14421FD3272CBF180098F334 /* HomeViewController.xib in Resources */ = {isa = PBXBuildFile; fileRef = 14421FD1272CBF180098F334 /* HomeViewController.xib */; };
		14421FD8272E06CA0098F334 /* SuggestionViewController.swift in Sources */ = {isa = PBXBuildFile; fileRef = 14421FD6272E06CA0098F334 /* SuggestionViewController.swift */; };
		14421FD9272E06CA0098F334 /* SuggestionViewController.xib in Resources */ = {isa = PBXBuildFile; fileRef = 14421FD7272E06CA0098F334 /* SuggestionViewController.xib */; };
		146DD85C2721C5960094C3FA /* AppDelegate.swift in Sources */ = {isa = PBXBuildFile; fileRef = 146DD85B2721C5960094C3FA /* AppDelegate.swift */; };
		146DD8662721C5960094C3FA /* CatAPI.xcdatamodeld in Sources */ = {isa = PBXBuildFile; fileRef = 146DD8642721C5960094C3FA /* CatAPI.xcdatamodeld */; };
		146DD8682721C5990094C3FA /* Assets.xcassets in Resources */ = {isa = PBXBuildFile; fileRef = 146DD8672721C5990094C3FA /* Assets.xcassets */; };
		563A497727315F73007F3239 /* UIImage+Extension.swift in Sources */ = {isa = PBXBuildFile; fileRef = 563A497627315F73007F3239 /* UIImage+Extension.swift */; };
		563A49792731920D007F3239 /* DetailViewController.xib in Resources */ = {isa = PBXBuildFile; fileRef = 563A49782731920D007F3239 /* DetailViewController.xib */; };
		563A8B8727314E7D00560149 /* Breed.xcdatamodeld in Sources */ = {isa = PBXBuildFile; fileRef = 563A8B8527314E7D00560149 /* Breed.xcdatamodeld */; };
		563A8B8927314EC300560149 /* DataBaseController.swift in Sources */ = {isa = PBXBuildFile; fileRef = 563A8B8827314EC300560149 /* DataBaseController.swift */; };
		563A8B8B27314F3400560149 /* CoreDataRepository.swift in Sources */ = {isa = PBXBuildFile; fileRef = 563A8B8A27314F3400560149 /* CoreDataRepository.swift */; };
		563A8B8D27314FAB00560149 /* ErrorAPI.swift in Sources */ = {isa = PBXBuildFile; fileRef = 563A8B8C27314FAB00560149 /* ErrorAPI.swift */; };
		56AC3606272DCFDF0077EF70 /* UIViewController+Extension.swift in Sources */ = {isa = PBXBuildFile; fileRef = 56AC3605272DCFDF0077EF70 /* UIViewController+Extension.swift */; };
		56AC360A272DD07A0077EF70 /* ViewControllerPreview.swift in Sources */ = {isa = PBXBuildFile; fileRef = 56AC3609272DD07A0077EF70 /* ViewControllerPreview.swift */; };
		56AC360E272DDC180077EF70 /* FavoritesViewController.swift in Sources */ = {isa = PBXBuildFile; fileRef = 56AC360C272DDC180077EF70 /* FavoritesViewController.swift */; };
		56AC360F272DDC180077EF70 /* FavoritesViewController.xib in Resources */ = {isa = PBXBuildFile; fileRef = 56AC360D272DDC180077EF70 /* FavoritesViewController.xib */; };
		56B718BE27302312000E5CCE /* LaunchScreen.storyboard in Resources */ = {isa = PBXBuildFile; fileRef = 56B718BD27302312000E5CCE /* LaunchScreen.storyboard */; };
		56B718CD27306BA6000E5CCE /* FilterBreed.swift in Sources */ = {isa = PBXBuildFile; fileRef = 56B718CC27306BA6000E5CCE /* FilterBreed.swift */; };
		56E39408273070F40025B5FC /* Suggestion.swift in Sources */ = {isa = PBXBuildFile; fileRef = 56E39407273070F40025B5FC /* Suggestion.swift */; };
		56E3940B273072B30025B5FC /* BestCatsViewController.swift in Sources */ = {isa = PBXBuildFile; fileRef = 56E39409273072B30025B5FC /* BestCatsViewController.swift */; };
		6C2099D7274A8DFB00F533C0 /* MainQueueDispatchDecorator.swift in Sources */ = {isa = PBXBuildFile; fileRef = 6C2099D6274A8DFA00F533C0 /* MainQueueDispatchDecorator.swift */; };
		6C2E09D0274D5A9B00B3D38E /* CustomOperators.swift in Sources */ = {isa = PBXBuildFile; fileRef = 6C2E09CF274D5A9B00B3D38E /* CustomOperators.swift */; };
		6C33420B274166EB00C86B4F /* CatLoader.framework in Frameworks */ = {isa = PBXBuildFile; fileRef = 6C33420A274166EB00C86B4F /* CatLoader.framework */; };
		6C33420C274166EB00C86B4F /* CatLoader.framework in Embed Frameworks */ = {isa = PBXBuildFile; fileRef = 6C33420A274166EB00C86B4F /* CatLoader.framework */; settings = {ATTRIBUTES = (CodeSignOnCopy, RemoveHeadersOnCopy, ); }; };
		6C33423227417A7900C86B4F /* XCTestCase+MemoryLeakTracking.swift in Sources */ = {isa = PBXBuildFile; fileRef = 6C33423127417A7900C86B4F /* XCTestCase+MemoryLeakTracking.swift */; };
		6C33423427417A8F00C86B4F /* SharedTestHelpers.swift in Sources */ = {isa = PBXBuildFile; fileRef = 6C33423327417A8F00C86B4F /* SharedTestHelpers.swift */; };
		6C33423527417BBE00C86B4F /* HomeViewControllerTests.swift in Sources */ = {isa = PBXBuildFile; fileRef = 6C33420E2741765700C86B4F /* HomeViewControllerTests.swift */; };
		6C8C87FD27542CC7007D1B00 /* CatImageDataLoader.swift in Sources */ = {isa = PBXBuildFile; fileRef = 6C8C87FC27542CC7007D1B00 /* CatImageDataLoader.swift */; };
		6C8C87FF27542F3E007D1B00 /* ImageLoader.swift in Sources */ = {isa = PBXBuildFile; fileRef = 6C8C87FE27542F3E007D1B00 /* ImageLoader.swift */; };
		6C8C88022754F654007D1B00 /* UView+Extension.swift in Sources */ = {isa = PBXBuildFile; fileRef = 6C8C88012754F654007D1B00 /* UView+Extension.swift */; };
		6CA113DF274AF9D100B3C778 /* BestCatsViewControllerTests.swift in Sources */ = {isa = PBXBuildFile; fileRef = 6CA113DE274AF9D100B3C778 /* BestCatsViewControllerTests.swift */; };
		6CE1476C275E31A5007BD5EE /* CatPresenter.swift in Sources */ = {isa = PBXBuildFile; fileRef = 6CE1476B275E31A5007BD5EE /* CatPresenter.swift */; };
		6CE3BF38275D1F2100FF3191 /* CatCellController.swift in Sources */ = {isa = PBXBuildFile; fileRef = 6CE3BF37275D1F2100FF3191 /* CatCellController.swift */; };
		6CE3BF3B275D2DCA00FF3191 /* CatUIComposer.swift in Sources */ = {isa = PBXBuildFile; fileRef = 6CE3BF3A275D2DCA00FF3191 /* CatUIComposer.swift */; };
		6CE3BF3E275D4CA800FF3191 /* CatViewModel.swift in Sources */ = {isa = PBXBuildFile; fileRef = 6CE3BF3D275D4CA800FF3191 /* CatViewModel.swift */; };
		6CE3BF40275DA0B100FF3191 /* SuggestionViewModel.swift in Sources */ = {isa = PBXBuildFile; fileRef = 6CE3BF3F275DA0B100FF3191 /* SuggestionViewModel.swift */; };
		6CE3BF42275DA64200FF3191 /* CatImageViewModel.swift in Sources */ = {isa = PBXBuildFile; fileRef = 6CE3BF41275DA64200FF3191 /* CatImageViewModel.swift */; };
/* End PBXBuildFile section */

/* Begin PBXContainerItemProxy section */
		6C334218274177A200C86B4F /* PBXContainerItemProxy */ = {
			isa = PBXContainerItemProxy;
			containerPortal = 146DD8502721C5960094C3FA /* Project object */;
			proxyType = 1;
			remoteGlobalIDString = 146DD8572721C5960094C3FA;
			remoteInfo = CatAPI;
		};
/* End PBXContainerItemProxy section */

/* Begin PBXCopyFilesBuildPhase section */
		6C33420D274166EC00C86B4F /* Embed Frameworks */ = {
			isa = PBXCopyFilesBuildPhase;
			buildActionMask = 2147483647;
			dstPath = "";
			dstSubfolderSpec = 10;
			files = (
				6C33420C274166EB00C86B4F /* CatLoader.framework in Embed Frameworks */,
			);
			name = "Embed Frameworks";
			runOnlyForDeploymentPostprocessing = 0;
		};
/* End PBXCopyFilesBuildPhase section */

/* Begin PBXFileReference section */
		14421FCE272B7D6C0098F334 /* DetailViewController.swift */ = {isa = PBXFileReference; lastKnownFileType = sourcecode.swift; path = DetailViewController.swift; sourceTree = "<group>"; };
		14421FD0272CBF180098F334 /* HomeViewController.swift */ = {isa = PBXFileReference; lastKnownFileType = sourcecode.swift; path = HomeViewController.swift; sourceTree = "<group>"; };
		14421FD1272CBF180098F334 /* HomeViewController.xib */ = {isa = PBXFileReference; lastKnownFileType = file.xib; name = HomeViewController.xib; path = CatAPI/HomeViewController.xib; sourceTree = "<group>"; };
		14421FD6272E06CA0098F334 /* SuggestionViewController.swift */ = {isa = PBXFileReference; lastKnownFileType = sourcecode.swift; path = SuggestionViewController.swift; sourceTree = "<group>"; };
		14421FD7272E06CA0098F334 /* SuggestionViewController.xib */ = {isa = PBXFileReference; lastKnownFileType = file.xib; name = SuggestionViewController.xib; path = CatAPI/SuggestionViewController.xib; sourceTree = "<group>"; };
		146DD8582721C5960094C3FA /* CatAPI.app */ = {isa = PBXFileReference; explicitFileType = wrapper.application; includeInIndex = 0; path = CatAPI.app; sourceTree = BUILT_PRODUCTS_DIR; };
		146DD85B2721C5960094C3FA /* AppDelegate.swift */ = {isa = PBXFileReference; lastKnownFileType = sourcecode.swift; path = AppDelegate.swift; sourceTree = "<group>"; };
		146DD8652721C5960094C3FA /* CatAPI.xcdatamodel */ = {isa = PBXFileReference; lastKnownFileType = wrapper.xcdatamodel; path = CatAPI.xcdatamodel; sourceTree = "<group>"; };
		146DD8672721C5990094C3FA /* Assets.xcassets */ = {isa = PBXFileReference; lastKnownFileType = folder.assetcatalog; path = Assets.xcassets; sourceTree = "<group>"; };
		146DD86C2721C5990094C3FA /* Info.plist */ = {isa = PBXFileReference; lastKnownFileType = text.plist.xml; path = Info.plist; sourceTree = "<group>"; };
		563A497627315F73007F3239 /* UIImage+Extension.swift */ = {isa = PBXFileReference; lastKnownFileType = sourcecode.swift; path = "UIImage+Extension.swift"; sourceTree = "<group>"; };
		563A49782731920D007F3239 /* DetailViewController.xib */ = {isa = PBXFileReference; fileEncoding = 4; lastKnownFileType = file.xib; name = DetailViewController.xib; path = CatAPI/DetailViewController.xib; sourceTree = "<group>"; };
		563A8B8627314E7D00560149 /* Breed.xcdatamodel */ = {isa = PBXFileReference; lastKnownFileType = wrapper.xcdatamodel; path = Breed.xcdatamodel; sourceTree = "<group>"; };
		563A8B8827314EC300560149 /* DataBaseController.swift */ = {isa = PBXFileReference; lastKnownFileType = sourcecode.swift; path = DataBaseController.swift; sourceTree = "<group>"; };
		563A8B8A27314F3400560149 /* CoreDataRepository.swift */ = {isa = PBXFileReference; lastKnownFileType = sourcecode.swift; path = CoreDataRepository.swift; sourceTree = "<group>"; };
		563A8B8C27314FAB00560149 /* ErrorAPI.swift */ = {isa = PBXFileReference; lastKnownFileType = sourcecode.swift; path = ErrorAPI.swift; sourceTree = "<group>"; };
		56AC3605272DCFDF0077EF70 /* UIViewController+Extension.swift */ = {isa = PBXFileReference; lastKnownFileType = sourcecode.swift; path = "UIViewController+Extension.swift"; sourceTree = "<group>"; };
		56AC3609272DD07A0077EF70 /* ViewControllerPreview.swift */ = {isa = PBXFileReference; lastKnownFileType = sourcecode.swift; path = ViewControllerPreview.swift; sourceTree = "<group>"; };
		56AC360C272DDC180077EF70 /* FavoritesViewController.swift */ = {isa = PBXFileReference; lastKnownFileType = sourcecode.swift; path = FavoritesViewController.swift; sourceTree = "<group>"; };
		56AC360D272DDC180077EF70 /* FavoritesViewController.xib */ = {isa = PBXFileReference; lastKnownFileType = file.xib; name = FavoritesViewController.xib; path = CatAPI/FavoritesViewController.xib; sourceTree = "<group>"; };
		56B718BD27302312000E5CCE /* LaunchScreen.storyboard */ = {isa = PBXFileReference; lastKnownFileType = file.storyboard; path = LaunchScreen.storyboard; sourceTree = "<group>"; };
		56B718CC27306BA6000E5CCE /* FilterBreed.swift */ = {isa = PBXFileReference; lastKnownFileType = sourcecode.swift; path = FilterBreed.swift; sourceTree = "<group>"; };
		56E39407273070F40025B5FC /* Suggestion.swift */ = {isa = PBXFileReference; lastKnownFileType = sourcecode.swift; path = Suggestion.swift; sourceTree = "<group>"; };
		56E39409273072B30025B5FC /* BestCatsViewController.swift */ = {isa = PBXFileReference; lastKnownFileType = sourcecode.swift; path = BestCatsViewController.swift; sourceTree = "<group>"; };
		6C2099D6274A8DFA00F533C0 /* MainQueueDispatchDecorator.swift */ = {isa = PBXFileReference; lastKnownFileType = sourcecode.swift; path = MainQueueDispatchDecorator.swift; sourceTree = "<group>"; };
		6C2E09CF274D5A9B00B3D38E /* CustomOperators.swift */ = {isa = PBXFileReference; lastKnownFileType = sourcecode.swift; path = CustomOperators.swift; sourceTree = "<group>"; };
		6C33420A274166EB00C86B4F /* CatLoader.framework */ = {isa = PBXFileReference; explicitFileType = wrapper.framework; path = CatLoader.framework; sourceTree = BUILT_PRODUCTS_DIR; };
		6C33420E2741765700C86B4F /* HomeViewControllerTests.swift */ = {isa = PBXFileReference; lastKnownFileType = sourcecode.swift; path = HomeViewControllerTests.swift; sourceTree = "<group>"; };
		6C334214274177A200C86B4F /* CatAPITests.xctest */ = {isa = PBXFileReference; explicitFileType = wrapper.cfbundle; includeInIndex = 0; path = CatAPITests.xctest; sourceTree = BUILT_PRODUCTS_DIR; };
		6C33423127417A7900C86B4F /* XCTestCase+MemoryLeakTracking.swift */ = {isa = PBXFileReference; lastKnownFileType = sourcecode.swift; path = "XCTestCase+MemoryLeakTracking.swift"; sourceTree = "<group>"; };
		6C33423327417A8F00C86B4F /* SharedTestHelpers.swift */ = {isa = PBXFileReference; lastKnownFileType = sourcecode.swift; path = SharedTestHelpers.swift; sourceTree = "<group>"; };
		6C8C87FC27542CC7007D1B00 /* CatImageDataLoader.swift */ = {isa = PBXFileReference; lastKnownFileType = sourcecode.swift; path = CatImageDataLoader.swift; sourceTree = "<group>"; };
		6C8C87FE27542F3E007D1B00 /* ImageLoader.swift */ = {isa = PBXFileReference; lastKnownFileType = sourcecode.swift; path = ImageLoader.swift; sourceTree = "<group>"; };
		6C8C88012754F654007D1B00 /* UView+Extension.swift */ = {isa = PBXFileReference; lastKnownFileType = sourcecode.swift; path = "UView+Extension.swift"; sourceTree = "<group>"; };
		6CA113DE274AF9D100B3C778 /* BestCatsViewControllerTests.swift */ = {isa = PBXFileReference; lastKnownFileType = sourcecode.swift; path = BestCatsViewControllerTests.swift; sourceTree = "<group>"; };
		6CE1476B275E31A5007BD5EE /* CatPresenter.swift */ = {isa = PBXFileReference; lastKnownFileType = sourcecode.swift; path = CatPresenter.swift; sourceTree = "<group>"; };
		6CE3BF37275D1F2100FF3191 /* CatCellController.swift */ = {isa = PBXFileReference; lastKnownFileType = sourcecode.swift; path = CatCellController.swift; sourceTree = "<group>"; };
		6CE3BF3A275D2DCA00FF3191 /* CatUIComposer.swift */ = {isa = PBXFileReference; lastKnownFileType = sourcecode.swift; path = CatUIComposer.swift; sourceTree = "<group>"; };
		6CE3BF3D275D4CA800FF3191 /* CatViewModel.swift */ = {isa = PBXFileReference; lastKnownFileType = sourcecode.swift; path = CatViewModel.swift; sourceTree = "<group>"; };
		6CE3BF3F275DA0B100FF3191 /* SuggestionViewModel.swift */ = {isa = PBXFileReference; lastKnownFileType = sourcecode.swift; path = SuggestionViewModel.swift; sourceTree = "<group>"; };
		6CE3BF41275DA64200FF3191 /* CatImageViewModel.swift */ = {isa = PBXFileReference; lastKnownFileType = sourcecode.swift; path = CatImageViewModel.swift; sourceTree = "<group>"; };
/* End PBXFileReference section */

/* Begin PBXFrameworksBuildPhase section */
		146DD8552721C5960094C3FA /* Frameworks */ = {
			isa = PBXFrameworksBuildPhase;
			buildActionMask = 2147483647;
			files = (
				6C33420B274166EB00C86B4F /* CatLoader.framework in Frameworks */,
			);
			runOnlyForDeploymentPostprocessing = 0;
		};
		6C334211274177A200C86B4F /* Frameworks */ = {
			isa = PBXFrameworksBuildPhase;
			buildActionMask = 2147483647;
			files = (
			);
			runOnlyForDeploymentPostprocessing = 0;
		};
/* End PBXFrameworksBuildPhase section */

/* Begin PBXGroup section */
		146DD84F2721C5960094C3FA = {
			isa = PBXGroup;
			children = (
				146DD85A2721C5960094C3FA /* CatAPI */,
				146DD8742721C59A0094C3FA /* CatAPITests */,
				146DD8592721C5960094C3FA /* Products */,
				6C334209274166EB00C86B4F /* Frameworks */,
			);
			sourceTree = "<group>";
		};
		146DD8592721C5960094C3FA /* Products */ = {
			isa = PBXGroup;
			children = (
				146DD8582721C5960094C3FA /* CatAPI.app */,
				6C334214274177A200C86B4F /* CatAPITests.xctest */,
			);
			name = Products;
			sourceTree = "<group>";
		};
		146DD85A2721C5960094C3FA /* CatAPI */ = {
			isa = PBXGroup;
			children = (
				6CE1476A275E3171007BD5EE /* Cat Presentation */,
				6C6DF81A27596F5A003E1D6F /* Cat UI */,
				6C6DF81927596F22003E1D6F /* Cat Image Loader */,
				56AC3604272DCFC10077EF70 /* Extensions */,
				146DD85B2721C5960094C3FA /* AppDelegate.swift */,
				146DD88F2721FCD80094C3FA /* Model */,
				146DD8672721C5990094C3FA /* Assets.xcassets */,
				146DD86C2721C5990094C3FA /* Info.plist */,
				146DD8642721C5960094C3FA /* CatAPI.xcdatamodeld */,
				56B718BD27302312000E5CCE /* LaunchScreen.storyboard */,
			);
			path = CatAPI;
			sourceTree = "<group>";
		};
		146DD8742721C59A0094C3FA /* CatAPITests */ = {
			isa = PBXGroup;
			children = (
				6C33423027417A5800C86B4F /* Helpers */,
				6C33420E2741765700C86B4F /* HomeViewControllerTests.swift */,
				6CA113DE274AF9D100B3C778 /* BestCatsViewControllerTests.swift */,
			);
			path = CatAPITests;
			sourceTree = "<group>";
		};
		146DD88F2721FCD80094C3FA /* Model */ = {
			isa = PBXGroup;
			children = (
				56B718CC27306BA6000E5CCE /* FilterBreed.swift */,
				56E39407273070F40025B5FC /* Suggestion.swift */,
				563A8B8527314E7D00560149 /* Breed.xcdatamodeld */,
				563A8B8827314EC300560149 /* DataBaseController.swift */,
				563A8B8A27314F3400560149 /* CoreDataRepository.swift */,
				563A8B8C27314FAB00560149 /* ErrorAPI.swift */,
				6C2099D6274A8DFA00F533C0 /* MainQueueDispatchDecorator.swift */,
			);
			path = Model;
			sourceTree = "<group>";
		};
		146DD899272673430094C3FA /* Controllers */ = {
			isa = PBXGroup;
			children = (
				56AC3608272DD06A0077EF70 /* Helper */,
				14421FCE272B7D6C0098F334 /* DetailViewController.swift */,
				14421FD0272CBF180098F334 /* HomeViewController.swift */,
				56AC360C272DDC180077EF70 /* FavoritesViewController.swift */,
				14421FD6272E06CA0098F334 /* SuggestionViewController.swift */,
				56E39409273072B30025B5FC /* BestCatsViewController.swift */,
				6CE3BF37275D1F2100FF3191 /* CatCellController.swift */,
			);
			name = Controllers;
			path = ..;
			sourceTree = "<group>";
		};
		14882D162732FB79002415DA /* View */ = {
			isa = PBXGroup;
			children = (
				14421FD7272E06CA0098F334 /* SuggestionViewController.xib */,
				56AC360D272DDC180077EF70 /* FavoritesViewController.xib */,
				14421FD1272CBF180098F334 /* HomeViewController.xib */,
				563A49782731920D007F3239 /* DetailViewController.xib */,
			);
			name = View;
			path = ../..;
			sourceTree = "<group>";
		};
		56AC3604272DCFC10077EF70 /* Extensions */ = {
			isa = PBXGroup;
			children = (
				56AC3605272DCFDF0077EF70 /* UIViewController+Extension.swift */,
				563A497627315F73007F3239 /* UIImage+Extension.swift */,
				6C2E09CF274D5A9B00B3D38E /* CustomOperators.swift */,
				6C8C88012754F654007D1B00 /* UView+Extension.swift */,
			);
			path = Extensions;
			sourceTree = "<group>";
		};
		56AC3608272DD06A0077EF70 /* Helper */ = {
			isa = PBXGroup;
			children = (
				56AC3609272DD07A0077EF70 /* ViewControllerPreview.swift */,
			);
			name = Helper;
			sourceTree = "<group>";
		};
		6C334209274166EB00C86B4F /* Frameworks */ = {
			isa = PBXGroup;
			children = (
				6C33420A274166EB00C86B4F /* CatLoader.framework */,
			);
			name = Frameworks;
			sourceTree = "<group>";
		};
		6C33423027417A5800C86B4F /* Helpers */ = {
			isa = PBXGroup;
			children = (
				6C33423127417A7900C86B4F /* XCTestCase+MemoryLeakTracking.swift */,
				6C33423327417A8F00C86B4F /* SharedTestHelpers.swift */,
			);
			path = Helpers;
			sourceTree = "<group>";
		};
		6C6DF81927596F22003E1D6F /* Cat Image Loader */ = {
			isa = PBXGroup;
			children = (
				6C8C87FC27542CC7007D1B00 /* CatImageDataLoader.swift */,
				6C8C87FE27542F3E007D1B00 /* ImageLoader.swift */,
			);
			path = "Cat Image Loader";
			sourceTree = "<group>";
		};
		6C6DF81A27596F5A003E1D6F /* Cat UI */ = {
			isa = PBXGroup;
			children = (
				6CE3BF39275D2DB100FF3191 /* Composers */,
				14882D162732FB79002415DA /* View */,
				146DD899272673430094C3FA /* Controllers */,
			);
			path = "Cat UI";
			sourceTree = "<group>";
		};
		6CE1476A275E3171007BD5EE /* Cat Presentation */ = {
			isa = PBXGroup;
			children = (
				6CE3BF3D275D4CA800FF3191 /* CatViewModel.swift */,
				6CE3BF3F275DA0B100FF3191 /* SuggestionViewModel.swift */,
				6CE3BF41275DA64200FF3191 /* CatImageViewModel.swift */,
				6CE1476B275E31A5007BD5EE /* CatPresenter.swift */,
			);
			path = "Cat Presentation";
			sourceTree = "<group>";
		};
		6CE3BF39275D2DB100FF3191 /* Composers */ = {
			isa = PBXGroup;
			children = (
				6CE3BF3A275D2DCA00FF3191 /* CatUIComposer.swift */,
			);
			path = Composers;
			sourceTree = "<group>";
		};
/* End PBXGroup section */

/* Begin PBXNativeTarget section */
		146DD8572721C5960094C3FA /* CatAPI */ = {
			isa = PBXNativeTarget;
			buildConfigurationList = 146DD8852721C59A0094C3FA /* Build configuration list for PBXNativeTarget "CatAPI" */;
			buildPhases = (
				146DD8542721C5960094C3FA /* Sources */,
				146DD8552721C5960094C3FA /* Frameworks */,
				146DD8562721C5960094C3FA /* Resources */,
				56AC360B272DD2800077EF70 /* Swiftlint */,
				6C33420D274166EC00C86B4F /* Embed Frameworks */,
			);
			buildRules = (
			);
			dependencies = (
			);
			name = CatAPI;
			productName = CatAPI;
			productReference = 146DD8582721C5960094C3FA /* CatAPI.app */;
			productType = "com.apple.product-type.application";
		};
		6C334213274177A200C86B4F /* CatAPITests */ = {
			isa = PBXNativeTarget;
			buildConfigurationList = 6C33421A274177A200C86B4F /* Build configuration list for PBXNativeTarget "CatAPITests" */;
			buildPhases = (
				6C334210274177A200C86B4F /* Sources */,
				6C334211274177A200C86B4F /* Frameworks */,
				6C334212274177A200C86B4F /* Resources */,
			);
			buildRules = (
			);
			dependencies = (
				6C334219274177A200C86B4F /* PBXTargetDependency */,
			);
			name = CatAPITests;
			productName = CatAPITests;
			productReference = 6C334214274177A200C86B4F /* CatAPITests.xctest */;
			productType = "com.apple.product-type.bundle.unit-test";
		};
/* End PBXNativeTarget section */

/* Begin PBXProject section */
		146DD8502721C5960094C3FA /* Project object */ = {
			isa = PBXProject;
			attributes = {
				BuildIndependentTargetsInParallel = 1;
				LastSwiftUpdateCheck = 1310;
				LastUpgradeCheck = 1300;
				TargetAttributes = {
					146DD8572721C5960094C3FA = {
						CreatedOnToolsVersion = 13.0;
					};
					6C334213274177A200C86B4F = {
						CreatedOnToolsVersion = 13.1;
						LastSwiftMigration = 1310;
						TestTargetID = 146DD8572721C5960094C3FA;
					};
				};
			};
			buildConfigurationList = 146DD8532721C5960094C3FA /* Build configuration list for PBXProject "CatAPI" */;
			compatibilityVersion = "Xcode 13.0";
			developmentRegion = en;
			hasScannedForEncodings = 0;
			knownRegions = (
				en,
				Base,
			);
			mainGroup = 146DD84F2721C5960094C3FA;
			productRefGroup = 146DD8592721C5960094C3FA /* Products */;
			projectDirPath = "";
			projectRoot = "";
			targets = (
				146DD8572721C5960094C3FA /* CatAPI */,
				6C334213274177A200C86B4F /* CatAPITests */,
			);
		};
/* End PBXProject section */

/* Begin PBXResourcesBuildPhase section */
		146DD8562721C5960094C3FA /* Resources */ = {
			isa = PBXResourcesBuildPhase;
			buildActionMask = 2147483647;
			files = (
				14421FD9272E06CA0098F334 /* SuggestionViewController.xib in Resources */,
				563A49792731920D007F3239 /* DetailViewController.xib in Resources */,
				146DD8682721C5990094C3FA /* Assets.xcassets in Resources */,
				56AC360F272DDC180077EF70 /* FavoritesViewController.xib in Resources */,
				56B718BE27302312000E5CCE /* LaunchScreen.storyboard in Resources */,
				14421FD3272CBF180098F334 /* HomeViewController.xib in Resources */,
			);
			runOnlyForDeploymentPostprocessing = 0;
		};
		6C334212274177A200C86B4F /* Resources */ = {
			isa = PBXResourcesBuildPhase;
			buildActionMask = 2147483647;
			files = (
			);
			runOnlyForDeploymentPostprocessing = 0;
		};
/* End PBXResourcesBuildPhase section */

/* Begin PBXShellScriptBuildPhase section */
		56AC360B272DD2800077EF70 /* Swiftlint */ = {
			isa = PBXShellScriptBuildPhase;
			buildActionMask = 2147483647;
			files = (
			);
			inputFileListPaths = (
			);
			inputPaths = (
			);
			name = Swiftlint;
			outputFileListPaths = (
			);
			outputPaths = (
			);
			runOnlyForDeploymentPostprocessing = 0;
			shellPath = /bin/sh;
			shellScript = "if which swiftlint >/dev/null; then\n  swiftlint\nelse\n  echo \"warning: SwiftLint not installed, download from https://github.com/realm/SwiftLint\"\nfi\n";
		};
/* End PBXShellScriptBuildPhase section */

/* Begin PBXSourcesBuildPhase section */
		146DD8542721C5960094C3FA /* Sources */ = {
			isa = PBXSourcesBuildPhase;
			buildActionMask = 2147483647;
			files = (
				56AC360E272DDC180077EF70 /* FavoritesViewController.swift in Sources */,
				563A8B8D27314FAB00560149 /* ErrorAPI.swift in Sources */,
				6C8C87FF27542F3E007D1B00 /* ImageLoader.swift in Sources */,
				6C2E09D0274D5A9B00B3D38E /* CustomOperators.swift in Sources */,
				14421FCF272B7D6C0098F334 /* DetailViewController.swift in Sources */,
				56AC3606272DCFDF0077EF70 /* UIViewController+Extension.swift in Sources */,
				56B718CD27306BA6000E5CCE /* FilterBreed.swift in Sources */,
				6CE3BF42275DA64200FF3191 /* CatImageViewModel.swift in Sources */,
				6C2099D7274A8DFB00F533C0 /* MainQueueDispatchDecorator.swift in Sources */,
				146DD8662721C5960094C3FA /* CatAPI.xcdatamodeld in Sources */,
				6CE1476C275E31A5007BD5EE /* CatPresenter.swift in Sources */,
				563A8B8727314E7D00560149 /* Breed.xcdatamodeld in Sources */,
				146DD85C2721C5960094C3FA /* AppDelegate.swift in Sources */,
				563A497727315F73007F3239 /* UIImage+Extension.swift in Sources */,
				6C8C87FD27542CC7007D1B00 /* CatImageDataLoader.swift in Sources */,
				6CE3BF40275DA0B100FF3191 /* SuggestionViewModel.swift in Sources */,
				14421FD2272CBF180098F334 /* HomeViewController.swift in Sources */,
				56AC360A272DD07A0077EF70 /* ViewControllerPreview.swift in Sources */,
				6C8C88022754F654007D1B00 /* UView+Extension.swift in Sources */,
				563A8B8B27314F3400560149 /* CoreDataRepository.swift in Sources */,
				6CE3BF3E275D4CA800FF3191 /* CatViewModel.swift in Sources */,
				56E39408273070F40025B5FC /* Suggestion.swift in Sources */,
				56E3940B273072B30025B5FC /* BestCatsViewController.swift in Sources */,
				563A8B8927314EC300560149 /* DataBaseController.swift in Sources */,
				6CE3BF3B275D2DCA00FF3191 /* CatUIComposer.swift in Sources */,
				14421FD8272E06CA0098F334 /* SuggestionViewController.swift in Sources */,
				6CE3BF38275D1F2100FF3191 /* CatCellController.swift in Sources */,
			);
			runOnlyForDeploymentPostprocessing = 0;
		};
		6C334210274177A200C86B4F /* Sources */ = {
			isa = PBXSourcesBuildPhase;
			buildActionMask = 2147483647;
			files = (
				6C33423427417A8F00C86B4F /* SharedTestHelpers.swift in Sources */,
				6CA113DF274AF9D100B3C778 /* BestCatsViewControllerTests.swift in Sources */,
				6C33423527417BBE00C86B4F /* HomeViewControllerTests.swift in Sources */,
				6C33423227417A7900C86B4F /* XCTestCase+MemoryLeakTracking.swift in Sources */,
			);
			runOnlyForDeploymentPostprocessing = 0;
		};
/* End PBXSourcesBuildPhase section */

/* Begin PBXTargetDependency section */
		6C334219274177A200C86B4F /* PBXTargetDependency */ = {
			isa = PBXTargetDependency;
			target = 146DD8572721C5960094C3FA /* CatAPI */;
			targetProxy = 6C334218274177A200C86B4F /* PBXContainerItemProxy */;
		};
/* End PBXTargetDependency section */

/* Begin XCBuildConfiguration section */
		146DD8832721C59A0094C3FA /* Debug */ = {
			isa = XCBuildConfiguration;
			buildSettings = {
				ALWAYS_SEARCH_USER_PATHS = NO;
				CLANG_ANALYZER_NONNULL = YES;
				CLANG_ANALYZER_NUMBER_OBJECT_CONVERSION = YES_AGGRESSIVE;
				CLANG_CXX_LANGUAGE_STANDARD = "gnu++17";
				CLANG_CXX_LIBRARY = "libc++";
				CLANG_ENABLE_MODULES = YES;
				CLANG_ENABLE_OBJC_ARC = YES;
				CLANG_ENABLE_OBJC_WEAK = YES;
				CLANG_WARN_BLOCK_CAPTURE_AUTORELEASING = YES;
				CLANG_WARN_BOOL_CONVERSION = YES;
				CLANG_WARN_COMMA = YES;
				CLANG_WARN_CONSTANT_CONVERSION = YES;
				CLANG_WARN_DEPRECATED_OBJC_IMPLEMENTATIONS = YES;
				CLANG_WARN_DIRECT_OBJC_ISA_USAGE = YES_ERROR;
				CLANG_WARN_DOCUMENTATION_COMMENTS = YES;
				CLANG_WARN_EMPTY_BODY = YES;
				CLANG_WARN_ENUM_CONVERSION = YES;
				CLANG_WARN_INFINITE_RECURSION = YES;
				CLANG_WARN_INT_CONVERSION = YES;
				CLANG_WARN_NON_LITERAL_NULL_CONVERSION = YES;
				CLANG_WARN_OBJC_IMPLICIT_RETAIN_SELF = YES;
				CLANG_WARN_OBJC_LITERAL_CONVERSION = YES;
				CLANG_WARN_OBJC_ROOT_CLASS = YES_ERROR;
				CLANG_WARN_QUOTED_INCLUDE_IN_FRAMEWORK_HEADER = YES;
				CLANG_WARN_RANGE_LOOP_ANALYSIS = YES;
				CLANG_WARN_STRICT_PROTOTYPES = YES;
				CLANG_WARN_SUSPICIOUS_MOVE = YES;
				CLANG_WARN_UNGUARDED_AVAILABILITY = YES_AGGRESSIVE;
				CLANG_WARN_UNREACHABLE_CODE = YES;
				CLANG_WARN__DUPLICATE_METHOD_MATCH = YES;
				COPY_PHASE_STRIP = NO;
				DEBUG_INFORMATION_FORMAT = dwarf;
				ENABLE_STRICT_OBJC_MSGSEND = YES;
				ENABLE_TESTABILITY = YES;
				GCC_C_LANGUAGE_STANDARD = gnu11;
				GCC_DYNAMIC_NO_PIC = NO;
				GCC_NO_COMMON_BLOCKS = YES;
				GCC_OPTIMIZATION_LEVEL = 0;
				GCC_PREPROCESSOR_DEFINITIONS = (
					"DEBUG=1",
					"$(inherited)",
				);
				GCC_WARN_64_TO_32_BIT_CONVERSION = YES;
				GCC_WARN_ABOUT_RETURN_TYPE = YES_ERROR;
				GCC_WARN_UNDECLARED_SELECTOR = YES;
				GCC_WARN_UNINITIALIZED_AUTOS = YES_AGGRESSIVE;
				GCC_WARN_UNUSED_FUNCTION = YES;
				GCC_WARN_UNUSED_VARIABLE = YES;
				INFOPLIST_KEY_UILaunchStoryboardName = LaunchScreen;
				IPHONEOS_DEPLOYMENT_TARGET = 15.0;
				MTL_ENABLE_DEBUG_INFO = INCLUDE_SOURCE;
				MTL_FAST_MATH = YES;
				ONLY_ACTIVE_ARCH = YES;
				SDKROOT = iphoneos;
				SWIFT_ACTIVE_COMPILATION_CONDITIONS = DEBUG;
				SWIFT_OPTIMIZATION_LEVEL = "-Onone";
			};
			name = Debug;
		};
		146DD8842721C59A0094C3FA /* Release */ = {
			isa = XCBuildConfiguration;
			buildSettings = {
				ALWAYS_SEARCH_USER_PATHS = NO;
				CLANG_ANALYZER_NONNULL = YES;
				CLANG_ANALYZER_NUMBER_OBJECT_CONVERSION = YES_AGGRESSIVE;
				CLANG_CXX_LANGUAGE_STANDARD = "gnu++17";
				CLANG_CXX_LIBRARY = "libc++";
				CLANG_ENABLE_MODULES = YES;
				CLANG_ENABLE_OBJC_ARC = YES;
				CLANG_ENABLE_OBJC_WEAK = YES;
				CLANG_WARN_BLOCK_CAPTURE_AUTORELEASING = YES;
				CLANG_WARN_BOOL_CONVERSION = YES;
				CLANG_WARN_COMMA = YES;
				CLANG_WARN_CONSTANT_CONVERSION = YES;
				CLANG_WARN_DEPRECATED_OBJC_IMPLEMENTATIONS = YES;
				CLANG_WARN_DIRECT_OBJC_ISA_USAGE = YES_ERROR;
				CLANG_WARN_DOCUMENTATION_COMMENTS = YES;
				CLANG_WARN_EMPTY_BODY = YES;
				CLANG_WARN_ENUM_CONVERSION = YES;
				CLANG_WARN_INFINITE_RECURSION = YES;
				CLANG_WARN_INT_CONVERSION = YES;
				CLANG_WARN_NON_LITERAL_NULL_CONVERSION = YES;
				CLANG_WARN_OBJC_IMPLICIT_RETAIN_SELF = YES;
				CLANG_WARN_OBJC_LITERAL_CONVERSION = YES;
				CLANG_WARN_OBJC_ROOT_CLASS = YES_ERROR;
				CLANG_WARN_QUOTED_INCLUDE_IN_FRAMEWORK_HEADER = YES;
				CLANG_WARN_RANGE_LOOP_ANALYSIS = YES;
				CLANG_WARN_STRICT_PROTOTYPES = YES;
				CLANG_WARN_SUSPICIOUS_MOVE = YES;
				CLANG_WARN_UNGUARDED_AVAILABILITY = YES_AGGRESSIVE;
				CLANG_WARN_UNREACHABLE_CODE = YES;
				CLANG_WARN__DUPLICATE_METHOD_MATCH = YES;
				COPY_PHASE_STRIP = NO;
				DEBUG_INFORMATION_FORMAT = "dwarf-with-dsym";
				ENABLE_NS_ASSERTIONS = NO;
				ENABLE_STRICT_OBJC_MSGSEND = YES;
				GCC_C_LANGUAGE_STANDARD = gnu11;
				GCC_NO_COMMON_BLOCKS = YES;
				GCC_WARN_64_TO_32_BIT_CONVERSION = YES;
				GCC_WARN_ABOUT_RETURN_TYPE = YES_ERROR;
				GCC_WARN_UNDECLARED_SELECTOR = YES;
				GCC_WARN_UNINITIALIZED_AUTOS = YES_AGGRESSIVE;
				GCC_WARN_UNUSED_FUNCTION = YES;
				GCC_WARN_UNUSED_VARIABLE = YES;
				INFOPLIST_KEY_UILaunchStoryboardName = LaunchScreen;
				IPHONEOS_DEPLOYMENT_TARGET = 15.0;
				MTL_ENABLE_DEBUG_INFO = NO;
				MTL_FAST_MATH = YES;
				SDKROOT = iphoneos;
				SWIFT_COMPILATION_MODE = wholemodule;
				SWIFT_OPTIMIZATION_LEVEL = "-O";
				VALIDATE_PRODUCT = YES;
			};
			name = Release;
		};
		146DD8862721C59A0094C3FA /* Debug */ = {
			isa = XCBuildConfiguration;
			buildSettings = {
				ASSETCATALOG_COMPILER_APPICON_NAME = AppIcon;
				ASSETCATALOG_COMPILER_GLOBAL_ACCENT_COLOR_NAME = AccentColor;
				CODE_SIGN_STYLE = Automatic;
				CURRENT_PROJECT_VERSION = 1;
				GENERATE_INFOPLIST_FILE = YES;
				INFOPLIST_FILE = CatAPI/Info.plist;
				INFOPLIST_KEY_UIApplicationSupportsIndirectInputEvents = YES;
				INFOPLIST_KEY_UISupportedInterfaceOrientations_iPad = "UIInterfaceOrientationPortrait UIInterfaceOrientationPortraitUpsideDown UIInterfaceOrientationLandscapeLeft UIInterfaceOrientationLandscapeRight";
				INFOPLIST_KEY_UISupportedInterfaceOrientations_iPhone = "UIInterfaceOrientationPortrait UIInterfaceOrientationLandscapeLeft UIInterfaceOrientationLandscapeRight";
				LD_RUNPATH_SEARCH_PATHS = (
					"$(inherited)",
					"@executable_path/Frameworks",
				);
				MARKETING_VERSION = 1.0;
				PRODUCT_BUNDLE_IDENTIFIER = br.com.serasa.CatAPI;
				PRODUCT_NAME = "$(TARGET_NAME)";
				SWIFT_EMIT_LOC_STRINGS = YES;
				SWIFT_VERSION = 5.0;
				TARGETED_DEVICE_FAMILY = "1,2";
			};
			name = Debug;
		};
		146DD8872721C59A0094C3FA /* Release */ = {
			isa = XCBuildConfiguration;
			buildSettings = {
				ASSETCATALOG_COMPILER_APPICON_NAME = AppIcon;
				ASSETCATALOG_COMPILER_GLOBAL_ACCENT_COLOR_NAME = AccentColor;
				CODE_SIGN_STYLE = Automatic;
				CURRENT_PROJECT_VERSION = 1;
				GENERATE_INFOPLIST_FILE = YES;
				INFOPLIST_FILE = CatAPI/Info.plist;
				INFOPLIST_KEY_UIApplicationSupportsIndirectInputEvents = YES;
				INFOPLIST_KEY_UISupportedInterfaceOrientations_iPad = "UIInterfaceOrientationPortrait UIInterfaceOrientationPortraitUpsideDown UIInterfaceOrientationLandscapeLeft UIInterfaceOrientationLandscapeRight";
				INFOPLIST_KEY_UISupportedInterfaceOrientations_iPhone = "UIInterfaceOrientationPortrait UIInterfaceOrientationLandscapeLeft UIInterfaceOrientationLandscapeRight";
				LD_RUNPATH_SEARCH_PATHS = (
					"$(inherited)",
					"@executable_path/Frameworks",
				);
				MARKETING_VERSION = 1.0;
				PRODUCT_BUNDLE_IDENTIFIER = br.com.serasa.CatAPI;
				PRODUCT_NAME = "$(TARGET_NAME)";
				SWIFT_EMIT_LOC_STRINGS = YES;
				SWIFT_VERSION = 5.0;
				TARGETED_DEVICE_FAMILY = "1,2";
			};
			name = Release;
		};
		6C33421B274177A200C86B4F /* Debug */ = {
			isa = XCBuildConfiguration;
			buildSettings = {
				BUNDLE_LOADER = "$(TEST_HOST)";
				CLANG_ENABLE_MODULES = YES;
				CODE_SIGN_STYLE = Automatic;
				CURRENT_PROJECT_VERSION = 1;
				GENERATE_INFOPLIST_FILE = YES;
				LD_RUNPATH_SEARCH_PATHS = (
					"$(inherited)",
					"@executable_path/Frameworks",
					"@loader_path/Frameworks",
				);
				MARKETING_VERSION = 1.0;
				PRODUCT_BUNDLE_IDENTIFIER = org.reactjs.native.example.CatAPITests;
				PRODUCT_NAME = "$(TARGET_NAME)";
				SWIFT_EMIT_LOC_STRINGS = NO;
				SWIFT_OPTIMIZATION_LEVEL = "-Onone";
				SWIFT_VERSION = 5.0;
				TARGETED_DEVICE_FAMILY = "1,2";
				TEST_HOST = "$(BUILT_PRODUCTS_DIR)/CatAPI.app/CatAPI";
			};
			name = Debug;
		};
		6C33421C274177A200C86B4F /* Release */ = {
			isa = XCBuildConfiguration;
			buildSettings = {
				BUNDLE_LOADER = "$(TEST_HOST)";
				CLANG_ENABLE_MODULES = YES;
				CODE_SIGN_STYLE = Automatic;
				CURRENT_PROJECT_VERSION = 1;
				GENERATE_INFOPLIST_FILE = YES;
				LD_RUNPATH_SEARCH_PATHS = (
					"$(inherited)",
					"@executable_path/Frameworks",
					"@loader_path/Frameworks",
				);
				MARKETING_VERSION = 1.0;
				PRODUCT_BUNDLE_IDENTIFIER = org.reactjs.native.example.CatAPITests;
				PRODUCT_NAME = "$(TARGET_NAME)";
				SWIFT_EMIT_LOC_STRINGS = NO;
				SWIFT_VERSION = 5.0;
				TARGETED_DEVICE_FAMILY = "1,2";
				TEST_HOST = "$(BUILT_PRODUCTS_DIR)/CatAPI.app/CatAPI";
			};
			name = Release;
		};
/* End XCBuildConfiguration section */

/* Begin XCConfigurationList section */
		146DD8532721C5960094C3FA /* Build configuration list for PBXProject "CatAPI" */ = {
			isa = XCConfigurationList;
			buildConfigurations = (
				146DD8832721C59A0094C3FA /* Debug */,
				146DD8842721C59A0094C3FA /* Release */,
			);
			defaultConfigurationIsVisible = 0;
			defaultConfigurationName = Release;
		};
		146DD8852721C59A0094C3FA /* Build configuration list for PBXNativeTarget "CatAPI" */ = {
			isa = XCConfigurationList;
			buildConfigurations = (
				146DD8862721C59A0094C3FA /* Debug */,
				146DD8872721C59A0094C3FA /* Release */,
			);
			defaultConfigurationIsVisible = 0;
			defaultConfigurationName = Release;
		};
		6C33421A274177A200C86B4F /* Build configuration list for PBXNativeTarget "CatAPITests" */ = {
			isa = XCConfigurationList;
			buildConfigurations = (
				6C33421B274177A200C86B4F /* Debug */,
				6C33421C274177A200C86B4F /* Release */,
			);
			defaultConfigurationIsVisible = 0;
			defaultConfigurationName = Release;
		};
/* End XCConfigurationList section */

/* Begin XCVersionGroup section */
		146DD8642721C5960094C3FA /* CatAPI.xcdatamodeld */ = {
			isa = XCVersionGroup;
			children = (
				146DD8652721C5960094C3FA /* CatAPI.xcdatamodel */,
			);
			currentVersion = 146DD8652721C5960094C3FA /* CatAPI.xcdatamodel */;
			path = CatAPI.xcdatamodeld;
			sourceTree = "<group>";
			versionGroupType = wrapper.xcdatamodel;
		};
		563A8B8527314E7D00560149 /* Breed.xcdatamodeld */ = {
			isa = XCVersionGroup;
			children = (
				563A8B8627314E7D00560149 /* Breed.xcdatamodel */,
			);
			currentVersion = 563A8B8627314E7D00560149 /* Breed.xcdatamodel */;
			path = Breed.xcdatamodeld;
			sourceTree = "<group>";
			versionGroupType = wrapper.xcdatamodel;
		};
/* End XCVersionGroup section */
	};
	rootObject = 146DD8502721C5960094C3FA /* Project object */;
}
